
Microsoft Visual Studio Solution File, Format Version 12.00
# Visual Studio Version 17
VisualStudioVersion = 17.0.31903.59
MinimumVisualStudioVersion = 10.0.40219.1
Project("{2150E333-8FDC-42A3-9474-1A3956D46DE8}") = "src", "src", "{827E0CD3-B72D-47B6-A68D-7590B98EB39B}"
EndProject
Project("{FAE04EC0-301F-11D3-BF4B-00C04F79EFBC}") = "Core", "src\Core\Core.csproj", "{05F2C3B7-1CA8-496F-8001-DF4A663252FD}"
EndProject
Project("{FAE04EC0-301F-11D3-BF4B-00C04F79EFBC}") = "Infrastructure", "src\Infrastructure\Infrastructure.csproj", "{BE1251D3-D5B6-4755-B7F0-D746B2C4B00F}"
EndProject
Project("{FAE04EC0-301F-11D3-BF4B-00C04F79EFBC}") = "App", "src\App\App.csproj", "{98D67F28-8DF3-4A90-8B4A-A5EC6B885A82}"
EndProject
Project("{FAE04EC0-301F-11D3-BF4B-00C04F79EFBC}") = "Core.Tests", "tests\Core.Tests\Core.Tests.csproj", "{B6D89AC9-7809-4FC2-A191-0B2466D49DC7}"
EndProject
Global
	GlobalSection(SolutionConfigurationPlatforms) = preSolution
		Debug|Any CPU = Debug|Any CPU
		Debug|x64 = Debug|x64
		Debug|x86 = Debug|x86
		Release|Any CPU = Release|Any CPU
		Release|x64 = Release|x64
		Release|x86 = Release|x86
	EndGlobalSection
	GlobalSection(ProjectConfigurationPlatforms) = postSolution
		{05F2C3B7-1CA8-496F-8001-DF4A663252FD}.Debug|Any CPU.ActiveCfg = Debug|Any CPU
		{05F2C3B7-1CA8-496F-8001-DF4A663252FD}.Debug|Any CPU.Build.0 = Debug|Any CPU
		{05F2C3B7-1CA8-496F-8001-DF4A663252FD}.Debug|x64.ActiveCfg = Debug|Any CPU
		{05F2C3B7-1CA8-496F-8001-DF4A663252FD}.Debug|x64.Build.0 = Debug|Any CPU
		{05F2C3B7-1CA8-496F-8001-DF4A663252FD}.Debug|x86.ActiveCfg = Debug|Any CPU
		{05F2C3B7-1CA8-496F-8001-DF4A663252FD}.Debug|x86.Build.0 = Debug|Any CPU
		{05F2C3B7-1CA8-496F-8001-DF4A663252FD}.Release|Any CPU.ActiveCfg = Release|Any CPU
		{05F2C3B7-1CA8-496F-8001-DF4A663252FD}.Release|Any CPU.Build.0 = Release|Any CPU
		{05F2C3B7-1CA8-496F-8001-DF4A663252FD}.Release|x64.ActiveCfg = Release|Any CPU
		{05F2C3B7-1CA8-496F-8001-DF4A663252FD}.Release|x64.Build.0 = Release|Any CPU
		{05F2C3B7-1CA8-496F-8001-DF4A663252FD}.Release|x86.ActiveCfg = Release|Any CPU
		{05F2C3B7-1CA8-496F-8001-DF4A663252FD}.Release|x86.Build.0 = Release|Any CPU
		{BE1251D3-D5B6-4755-B7F0-D746B2C4B00F}.Debug|Any CPU.ActiveCfg = Debug|Any CPU
		{BE1251D3-D5B6-4755-B7F0-D746B2C4B00F}.Debug|Any CPU.Build.0 = Debug|Any CPU
		{BE1251D3-D5B6-4755-B7F0-D746B2C4B00F}.Debug|x64.ActiveCfg = Debug|Any CPU
		{BE1251D3-D5B6-4755-B7F0-D746B2C4B00F}.Debug|x64.Build.0 = Debug|Any CPU
		{BE1251D3-D5B6-4755-B7F0-D746B2C4B00F}.Debug|x86.ActiveCfg = Debug|Any CPU
		{BE1251D3-D5B6-4755-B7F0-D746B2C4B00F}.Debug|x86.Build.0 = Debug|Any CPU
		{BE1251D3-D5B6-4755-B7F0-D746B2C4B00F}.Release|Any CPU.ActiveCfg = Release|Any CPU
		{BE1251D3-D5B6-4755-B7F0-D746B2C4B00F}.Release|Any CPU.Build.0 = Release|Any CPU
		{BE1251D3-D5B6-4755-B7F0-D746B2C4B00F}.Release|x64.ActiveCfg = Release|Any CPU
		{BE1251D3-D5B6-4755-B7F0-D746B2C4B00F}.Release|x64.Build.0 = Release|Any CPU
		{BE1251D3-D5B6-4755-B7F0-D746B2C4B00F}.Release|x86.ActiveCfg = Release|Any CPU
		{BE1251D3-D5B6-4755-B7F0-D746B2C4B00F}.Release|x86.Build.0 = Release|Any CPU
		{98D67F28-8DF3-4A90-8B4A-A5EC6B885A82}.Debug|Any CPU.ActiveCfg = Debug|Any CPU
		{98D67F28-8DF3-4A90-8B4A-A5EC6B885A82}.Debug|Any CPU.Build.0 = Debug|Any CPU
		{98D67F28-8DF3-4A90-8B4A-A5EC6B885A82}.Debug|x64.ActiveCfg = Debug|Any CPU
		{98D67F28-8DF3-4A90-8B4A-A5EC6B885A82}.Debug|x64.Build.0 = Debug|Any CPU
		{98D67F28-8DF3-4A90-8B4A-A5EC6B885A82}.Debug|x86.ActiveCfg = Debug|Any CPU
		{98D67F28-8DF3-4A90-8B4A-A5EC6B885A82}.Debug|x86.Build.0 = Debug|Any CPU
		{98D67F28-8DF3-4A90-8B4A-A5EC6B885A82}.Release|Any CPU.ActiveCfg = Release|Any CPU
		{98D67F28-8DF3-4A90-8B4A-A5EC6B885A82}.Release|Any CPU.Build.0 = Release|Any CPU
		{98D67F28-8DF3-4A90-8B4A-A5EC6B885A82}.Release|x64.ActiveCfg = Release|Any CPU
		{98D67F28-8DF3-4A90-8B4A-A5EC6B885A82}.Release|x64.Build.0 = Release|Any CPU
		{98D67F28-8DF3-4A90-8B4A-A5EC6B885A82}.Release|x86.ActiveCfg = Release|Any CPU
		{98D67F28-8DF3-4A90-8B4A-A5EC6B885A82}.Release|x86.Build.0 = Release|Any CPU
		{B6D89AC9-7809-4FC2-A191-0B2466D49DC7}.Debug|Any CPU.ActiveCfg = Debug|Any CPU
		{B6D89AC9-7809-4FC2-A191-0B2466D49DC7}.Debug|Any CPU.Build.0 = Debug|Any CPU
		{B6D89AC9-7809-4FC2-A191-0B2466D49DC7}.Debug|x64.ActiveCfg = Debug|Any CPU
		{B6D89AC9-7809-4FC2-A191-0B2466D49DC7}.Debug|x64.Build.0 = Debug|Any CPU
		{B6D89AC9-7809-4FC2-A191-0B2466D49DC7}.Debug|x86.ActiveCfg = Debug|Any CPU
		{B6D89AC9-7809-4FC2-A191-0B2466D49DC7}.Debug|x86.Build.0 = Debug|Any CPU
		{B6D89AC9-7809-4FC2-A191-0B2466D49DC7}.Release|Any CPU.ActiveCfg = Release|Any CPU
		{B6D89AC9-7809-4FC2-A191-0B2466D49DC7}.Release|Any CPU.Build.0 = Release|Any CPU
		{B6D89AC9-7809-4FC2-A191-0B2466D49DC7}.Release|x64.ActiveCfg = Release|Any CPU
		{B6D89AC9-7809-4FC2-A191-0B2466D49DC7}.Release|x64.Build.0 = Release|Any CPU
		{B6D89AC9-7809-4FC2-A191-0B2466D49DC7}.Release|x86.ActiveCfg = Release|Any CPU
		{B6D89AC9-7809-4FC2-A191-0B2466D49DC7}.Release|x86.Build.0 = Release|Any CPU
	EndGlobalSection
	GlobalSection(SolutionProperties) = preSolution
		HideSolutionNode = FALSE
	EndGlobalSection
	GlobalSection(NestedProjects) = preSolution
		{05F2C3B7-1CA8-496F-8001-DF4A663252FD} = {827E0CD3-B72D-47B6-A68D-7590B98EB39B}
		{BE1251D3-D5B6-4755-B7F0-D746B2C4B00F} = {827E0CD3-B72D-47B6-A68D-7590B98EB39B}
		{98D67F28-8DF3-4A90-8B4A-A5EC6B885A82} = {827E0CD3-B72D-47B6-A68D-7590B98EB39B}
		{B6D89AC9-7809-4FC2-A191-0B2466D49DC7} = {827E0CD3-B72D-47B6-A68D-7590B98EB39B}
	EndGlobalSection
EndGlobal
